
Microsoft Visual Studio Solution File, Format Version 12.00
# Visual Studio Version 16
VisualStudioVersion = 16.0.34729.46
MinimumVisualStudioVersion = 10.0.40219.1
Project("{FAE04EC0-301F-11D3-BF4B-00C04F79EFBC}") = "deer-basesys", "deer-basesys\deer-basesys.csproj", "{33524599-5ECB-40BA-AA69-485A4EFBFBA8}"
EndProject
Global
	GlobalSection(SolutionConfigurationPlatforms) = preSolution
		Debug|Any CPU = Debug|Any CPU
		Release|Any CPU = Release|Any CPU
	EndGlobalSection
	GlobalSection(ProjectConfigurationPlatforms) = postSolution
		{767F416A-B354-4E89-9BDF-7463F7BDAE5C}.Debug|Any CPU.ActiveCfg = Debug|Any CPU
		{767F416A-B354-4E89-9BDF-7463F7BDAE5C}.Debug|Any CPU.Build.0 = Debug|Any CPU
		{767F416A-B354-4E89-9BDF-7463F7BDAE5C}.Release|Any CPU.ActiveCfg = Release|Any CPU
		{767F416A-B354-4E89-9BDF-7463F7BDAE5C}.Release|Any CPU.Build.0 = Release|Any CPU
		{33524599-5ECB-40BA-AA69-485A4EFBFBA8}.Debug|Any CPU.ActiveCfg = Debug|Any CPU
		{33524599-5ECB-40BA-AA69-485A4EFBFBA8}.Debug|Any CPU.Build.0 = Debug|Any CPU
		{33524599-5ECB-40BA-AA69-485A4EFBFBA8}.Release|Any CPU.ActiveCfg = Release|Any CPU
		{33524599-5ECB-40BA-AA69-485A4EFBFBA8}.Release|Any CPU.Build.0 = Release|Any CPU
	EndGlobalSection
	GlobalSection(SolutionProperties) = preSolution
		HideSolutionNode = FALSE
	EndGlobalSection
	GlobalSection(ExtensibilityGlobals) = postSolution
		SolutionGuid = {69C880D2-46E5-4500-A39A-B91451A3B338}
	EndGlobalSection
EndGlobal
